
Microsoft Visual Studio Solution File, Format Version 12.00
# Visual Studio Version 16
VisualStudioVersion = 16.0.31624.102
MinimumVisualStudioVersion = 10.0.40219.1
Project("{FAE04EC0-301F-11D3-BF4B-00C04F79EFBC}") = "ClickGame", "ClickGame\ClickGame.csproj", "{0266D63F-1196-4292-B0CB-C0B200B0B72A}"
EndProject
Global
	GlobalSection(SolutionConfigurationPlatforms) = preSolution
		Debug|Any CPU = Debug|Any CPU
		Release|Any CPU = Release|Any CPU
	EndGlobalSection
	GlobalSection(ProjectConfigurationPlatforms) = postSolution
		{0266D63F-1196-4292-B0CB-C0B200B0B72A}.Debug|Any CPU.ActiveCfg = Debug|Any CPU
		{0266D63F-1196-4292-B0CB-C0B200B0B72A}.Debug|Any CPU.Build.0 = Debug|Any CPU
		{0266D63F-1196-4292-B0CB-C0B200B0B72A}.Release|Any CPU.ActiveCfg = Release|Any CPU
		{0266D63F-1196-4292-B0CB-C0B200B0B72A}.Release|Any CPU.Build.0 = Release|Any CPU
	EndGlobalSection
	GlobalSection(SolutionProperties) = preSolution
		HideSolutionNode = FALSE
	EndGlobalSection
	GlobalSection(ExtensibilityGlobals) = postSolution
		SolutionGuid = {060A7049-C247-4B41-9F85-33282E903E5B}
	EndGlobalSection
EndGlobal
